github.com/go-telegram-bot-api/telegram-bot-api/v5 v5.0.0-rc1.0.20210311030851-d0e1dfd8c604 h1:e60FUuyuEsg5bxiC3mBAbTt/IEQ0/W57XdhZXaqU3oY=
github.com/go-telegram-bot-api/telegram-bot-api/v5 v5.0.0-rc1.0.20210311030851-d0e1dfd8c604/go.mod h1:5+h9c5l1Z/+Pi+5boa1Fmr4Q+FImsXYnifor92ljaVs=
github.com/joho/godotenv v1.3.0 h1:Zjp+RcGpHhGlrMbJzXTrZZPrWj+1vfm90La1wgB6Bhc=
github.com/joho/godotenv v1.3.0/go.mod h1:7hK45KPybAkOC6peb+G5yklZfMxEjkZhHbwpqxOKXbg=
