github.com/go-telegram-bot-api/telegram-bot-api v1.0.1-0.20201020035208-b6df6c273aa8 h1:uHdsdgQzKx0t31af38n7rtLZGv+UjKZEo4hGjrbuu8I=
github.com/go-telegram-bot-api/telegram-bot-api v1.0.1-0.20201020035208-b6df6c273aa8/go.mod h1:lDm2E64X4OjFdBUA4hlN4mEvbSitvhJdKw7rsA8KHgI=
github.com/technoweenie/multipartstreamer v1.0.1 h1:XRztA5MXiR1TIRHxH2uNxXxaIkKQDeX7m2XsSOlQEnM=
github.com/technoweenie/multipartstreamer v1.0.1/go.mod h1:jNVxdtShOxzAsukZwTSw6MDx5eUJoiEBsSvzDU9uzog=
